
Microsoft Visual Studio Solution File, Format Version 12.00
# Visual Studio Version 17
VisualStudioVersion = 17.2.32616.157
MinimumVisualStudioVersion = 10.0.40219.1
Project("{FAE04EC0-301F-11D3-BF4B-00C04F79EFBC}") = "DinkumChinese", "DinkumChinese\DinkumChinese.csproj", "{38D2D534-00BF-4F3E-AC43-9B79F870F3E7}"
EndProject
Project("{FAE04EC0-301F-11D3-BF4B-00C04F79EFBC}") = "DinkumChinesePublishTool", "DinkumChinesePublishTool\DinkumChinesePublishTool.csproj", "{D08084CF-D29B-42B4-9CA2-FA822F139771}"
EndProject
Project("{FAE04EC0-301F-11D3-BF4B-00C04F79EFBC}") = "LocJsonUpgradeTools", "LocJsonUpgradeTools\LocJsonUpgradeTools.csproj", "{A42DFF60-1B40-48B8-B3FD-C48DCD0F9EF7}"
EndProject
Global
	GlobalSection(SolutionConfigurationPlatforms) = preSolution
		Debug|Any CPU = Debug|Any CPU
		Release|Any CPU = Release|Any CPU
	EndGlobalSection
	GlobalSection(ProjectConfigurationPlatforms) = postSolution
		{38D2D534-00BF-4F3E-AC43-9B79F870F3E7}.Debug|Any CPU.ActiveCfg = Debug|Any CPU
		{38D2D534-00BF-4F3E-AC43-9B79F870F3E7}.Debug|Any CPU.Build.0 = Debug|Any CPU
		{38D2D534-00BF-4F3E-AC43-9B79F870F3E7}.Release|Any CPU.ActiveCfg = Release|Any CPU
		{38D2D534-00BF-4F3E-AC43-9B79F870F3E7}.Release|Any CPU.Build.0 = Release|Any CPU
		{D08084CF-D29B-42B4-9CA2-FA822F139771}.Debug|Any CPU.ActiveCfg = Debug|Any CPU
		{D08084CF-D29B-42B4-9CA2-FA822F139771}.Debug|Any CPU.Build.0 = Debug|Any CPU
		{D08084CF-D29B-42B4-9CA2-FA822F139771}.Release|Any CPU.ActiveCfg = Release|Any CPU
		{D08084CF-D29B-42B4-9CA2-FA822F139771}.Release|Any CPU.Build.0 = Release|Any CPU
		{A42DFF60-1B40-48B8-B3FD-C48DCD0F9EF7}.Debug|Any CPU.ActiveCfg = Debug|Any CPU
		{A42DFF60-1B40-48B8-B3FD-C48DCD0F9EF7}.Debug|Any CPU.Build.0 = Debug|Any CPU
		{A42DFF60-1B40-48B8-B3FD-C48DCD0F9EF7}.Release|Any CPU.ActiveCfg = Release|Any CPU
		{A42DFF60-1B40-48B8-B3FD-C48DCD0F9EF7}.Release|Any CPU.Build.0 = Release|Any CPU
	EndGlobalSection
	GlobalSection(SolutionProperties) = preSolution
		HideSolutionNode = FALSE
	EndGlobalSection
	GlobalSection(ExtensibilityGlobals) = postSolution
		SolutionGuid = {233C06F3-7D9C-4E99-BF85-82B46B39D8BA}
	EndGlobalSection
EndGlobal
